
Microsoft Visual Studio Solution File, Format Version 12.00
# Visual Studio 15
VisualStudioVersion = 15.0.28307.1209
MinimumVisualStudioVersion = 10.0.40219.1
Project("{2150E333-8FDC-42A3-9474-1A3956D46DE8}") = "2.ServicesDistributions", "2.ServicesDistributions", "{61A88F62-C549-4DC3-AB00-6919B505107D}"
EndProject
Project("{2150E333-8FDC-42A3-9474-1A3956D46DE8}") = "4.Infraestructure", "4.Infraestructure", "{01413D1A-CDE3-471E-8049-6AB767248AD8}"
EndProject
Project("{2150E333-8FDC-42A3-9474-1A3956D46DE8}") = "5.Test", "5.Test", "{CBF546A3-80B9-4455-8D68-9139AF11620E}"
EndProject
Project("{2150E333-8FDC-42A3-9474-1A3956D46DE8}") = "3.Business", "3.Business", "{295A22CA-6C8C-47A9-A510-EA727E17CCA6}"
EndProject
Project("{FAE04EC0-301F-11D3-BF4B-00C04F79EFBC}") = "ApiRestOlimpia", "ApiRestOlimpia\ApiRestOlimpia.csproj", "{4E082753-9FB8-4C16-95FC-BCADB3597C5E}"
EndProject
Project("{FAE04EC0-301F-11D3-BF4B-00C04F79EFBC}") = "OlimpiaBusiness", "OlimpiaBusiness\OlimpiaBusiness.csproj", "{D82FD65C-94B6-4306-B41E-6914FE0717F3}"
EndProject
Project("{FAE04EC0-301F-11D3-BF4B-00C04F79EFBC}") = "OlimpiaInfraestructure", "OlimpiaInfraestructure\OlimpiaInfraestructure.csproj", "{FC02EBDB-C819-4570-B405-575D51628EC1}"
EndProject
Project("{2150E333-8FDC-42A3-9474-1A3956D46DE8}") = "OlimpiaIt", "OlimpiaIt", "{4948D538-4BC6-43B3-B53D-E8A3CF132E55}"
EndProject
Project("{FAE04EC0-301F-11D3-BF4B-00C04F79EFBC}") = "Application", "Application\Application.csproj", "{3B9ECF5C-49EE-4872-B358-94AB4DE7F1D6}"
EndProject
Project("{2150E333-8FDC-42A3-9474-1A3956D46DE8}") = "1.Aplication", "1.Aplication", "{DAC79B61-308A-44F0-AB49-13E5CC470530}"
EndProject
Global
	GlobalSection(SolutionConfigurationPlatforms) = preSolution
		Debug|Any CPU = Debug|Any CPU
		Release|Any CPU = Release|Any CPU
	EndGlobalSection
	GlobalSection(ProjectConfigurationPlatforms) = postSolution
		{4E082753-9FB8-4C16-95FC-BCADB3597C5E}.Debug|Any CPU.ActiveCfg = Debug|Any CPU
		{4E082753-9FB8-4C16-95FC-BCADB3597C5E}.Debug|Any CPU.Build.0 = Debug|Any CPU
		{4E082753-9FB8-4C16-95FC-BCADB3597C5E}.Release|Any CPU.ActiveCfg = Release|Any CPU
		{4E082753-9FB8-4C16-95FC-BCADB3597C5E}.Release|Any CPU.Build.0 = Release|Any CPU
		{D82FD65C-94B6-4306-B41E-6914FE0717F3}.Debug|Any CPU.ActiveCfg = Debug|Any CPU
		{D82FD65C-94B6-4306-B41E-6914FE0717F3}.Debug|Any CPU.Build.0 = Debug|Any CPU
		{D82FD65C-94B6-4306-B41E-6914FE0717F3}.Release|Any CPU.ActiveCfg = Release|Any CPU
		{D82FD65C-94B6-4306-B41E-6914FE0717F3}.Release|Any CPU.Build.0 = Release|Any CPU
		{FC02EBDB-C819-4570-B405-575D51628EC1}.Debug|Any CPU.ActiveCfg = Debug|Any CPU
		{FC02EBDB-C819-4570-B405-575D51628EC1}.Debug|Any CPU.Build.0 = Debug|Any CPU
		{FC02EBDB-C819-4570-B405-575D51628EC1}.Release|Any CPU.ActiveCfg = Release|Any CPU
		{FC02EBDB-C819-4570-B405-575D51628EC1}.Release|Any CPU.Build.0 = Release|Any CPU
		{3B9ECF5C-49EE-4872-B358-94AB4DE7F1D6}.Debug|Any CPU.ActiveCfg = Debug|Any CPU
		{3B9ECF5C-49EE-4872-B358-94AB4DE7F1D6}.Debug|Any CPU.Build.0 = Debug|Any CPU
		{3B9ECF5C-49EE-4872-B358-94AB4DE7F1D6}.Release|Any CPU.ActiveCfg = Release|Any CPU
		{3B9ECF5C-49EE-4872-B358-94AB4DE7F1D6}.Release|Any CPU.Build.0 = Release|Any CPU
	EndGlobalSection
	GlobalSection(SolutionProperties) = preSolution
		HideSolutionNode = FALSE
	EndGlobalSection
	GlobalSection(NestedProjects) = preSolution
		{61A88F62-C549-4DC3-AB00-6919B505107D} = {4948D538-4BC6-43B3-B53D-E8A3CF132E55}
		{01413D1A-CDE3-471E-8049-6AB767248AD8} = {4948D538-4BC6-43B3-B53D-E8A3CF132E55}
		{CBF546A3-80B9-4455-8D68-9139AF11620E} = {4948D538-4BC6-43B3-B53D-E8A3CF132E55}
		{295A22CA-6C8C-47A9-A510-EA727E17CCA6} = {4948D538-4BC6-43B3-B53D-E8A3CF132E55}
		{4E082753-9FB8-4C16-95FC-BCADB3597C5E} = {61A88F62-C549-4DC3-AB00-6919B505107D}
		{D82FD65C-94B6-4306-B41E-6914FE0717F3} = {295A22CA-6C8C-47A9-A510-EA727E17CCA6}
		{FC02EBDB-C819-4570-B405-575D51628EC1} = {01413D1A-CDE3-471E-8049-6AB767248AD8}
		{3B9ECF5C-49EE-4872-B358-94AB4DE7F1D6} = {DAC79B61-308A-44F0-AB49-13E5CC470530}
		{DAC79B61-308A-44F0-AB49-13E5CC470530} = {4948D538-4BC6-43B3-B53D-E8A3CF132E55}
	EndGlobalSection
	GlobalSection(ExtensibilityGlobals) = postSolution
		SolutionGuid = {88328CDA-FB32-4593-BCB6-70BB615EE1A7}
	EndGlobalSection
EndGlobal
